{
  "name": "daftar-slot-gacor-bonus-new-member-100-to-3x-5x-7x-8x-10x-15x",
  "version": "1.6.0",
  "lockfileVersion": 2,
  "requires": true,
  "packages": {
    "": {
      "name": "daftar-slot-gacor-bonus-new-member-100-to-3x-5x-7x-8x-10x-15x",
      "version": "1.2.1",
      "license": "MIT",
      "engines": {
        "atom": ">=1.0.0 <2.0.0"
      }
    }
  }
}
